
Microsoft Visual Studio Solution File, Format Version 12.00
# Visual Studio Version 17
VisualStudioVersion = 17.5.33530.505
MinimumVisualStudioVersion = 10.0.40219.1
Project("{FAE04EC0-301F-11D3-BF4B-00C04F79EFBC}") = "BlazorApp_Server", "BlazorApp_Server\BlazorApp_Server.csproj", "{13F2383B-EB27-4F56-B836-E4AC493F8657}"
EndProject
Global
	GlobalSection(SolutionConfigurationPlatforms) = preSolution
		Debug|Any CPU = Debug|Any CPU
		Release|Any CPU = Release|Any CPU
	EndGlobalSection
	GlobalSection(ProjectConfigurationPlatforms) = postSolution
		{13F2383B-EB27-4F56-B836-E4AC493F8657}.Debug|Any CPU.ActiveCfg = Debug|Any CPU
		{13F2383B-EB27-4F56-B836-E4AC493F8657}.Debug|Any CPU.Build.0 = Debug|Any CPU
		{13F2383B-EB27-4F56-B836-E4AC493F8657}.Release|Any CPU.ActiveCfg = Release|Any CPU
		{13F2383B-EB27-4F56-B836-E4AC493F8657}.Release|Any CPU.Build.0 = Release|Any CPU
	EndGlobalSection
	GlobalSection(SolutionProperties) = preSolution
		HideSolutionNode = FALSE
	EndGlobalSection
	GlobalSection(ExtensibilityGlobals) = postSolution
		SolutionGuid = {581C8B61-D8E5-4D08-8CE3-0FF4D411E032}
	EndGlobalSection
EndGlobal
